// !$*UTF8*$!
{
	archiveVersion = 1;
	classes = {
	};
	objectVersion = 46;
	objects = {

/* Begin PBXBuildFile section */
		C40DC85D1E94F013001A856D /* NothingFoundCell.xib in Resources */ = {isa = PBXBuildFile; fileRef = C40DC85F1E94F013001A856D /* NothingFoundCell.xib */; };
		C40DC8621E94F5FE001A856D /* LoadingCell.xib in Resources */ = {isa = PBXBuildFile; fileRef = C40DC8641E94F5FE001A856D /* LoadingCell.xib */; };
		C40DC8691E95DF16001A856D /* Localizable.strings in Resources */ = {isa = PBXBuildFile; fileRef = C40DC8671E95DF16001A856D /* Localizable.strings */; };
		C40DC86F1E95ED80001A856D /* InfoPlist.strings in Resources */ = {isa = PBXBuildFile; fileRef = C40DC8711E95ED80001A856D /* InfoPlist.strings */; };
		C4112FE31E8D01EB00F61BED /* BounceAnimationController.swift in Sources */ = {isa = PBXBuildFile; fileRef = C4112FE21E8D01EB00F61BED /* BounceAnimationController.swift */; };
		C4112FE51E8D13F900F61BED /* SlideOutAnimationController.swift in Sources */ = {isa = PBXBuildFile; fileRef = C4112FE41E8D13F900F61BED /* SlideOutAnimationController.swift */; };
		C4112FE71E8D1A4A00F61BED /* LandscapeViewController.swift in Sources */ = {isa = PBXBuildFile; fileRef = C4112FE61E8D1A4A00F61BED /* LandscapeViewController.swift */; };
		C4116D291E8FB0740043A1F8 /* Search.swift in Sources */ = {isa = PBXBuildFile; fileRef = C4116D281E8FB0740043A1F8 /* Search.swift */; };
		C437559A1E863FD0003B5B21 /* AppDelegate.swift in Sources */ = {isa = PBXBuildFile; fileRef = C43755991E863FD0003B5B21 /* AppDelegate.swift */; };
		C437559C1E863FD0003B5B21 /* SearchViewController.swift in Sources */ = {isa = PBXBuildFile; fileRef = C437559B1E863FD0003B5B21 /* SearchViewController.swift */; };
		C437559F1E863FD0003B5B21 /* Main.storyboard in Resources */ = {isa = PBXBuildFile; fileRef = C437559D1E863FD0003B5B21 /* Main.storyboard */; };
		C43755A11E863FD0003B5B21 /* Assets.xcassets in Resources */ = {isa = PBXBuildFile; fileRef = C43755A01E863FD0003B5B21 /* Assets.xcassets */; };
		C43755AC1E865E9D003B5B21 /* SearchResult.swift in Sources */ = {isa = PBXBuildFile; fileRef = C43755AB1E865E9D003B5B21 /* SearchResult.swift */; };
		C47CB5501E88A16000C82FB1 /* SearchResultCell.xib in Resources */ = {isa = PBXBuildFile; fileRef = C47CB54F1E88A16000C82FB1 /* SearchResultCell.xib */; };
		C47CB5521E88AC7500C82FB1 /* SearchResultCell.swift in Sources */ = {isa = PBXBuildFile; fileRef = C47CB5511E88AC7500C82FB1 /* SearchResultCell.swift */; };
		C4C538641E8B5A1300ECA50C /* UIImageView+DownloadImage.swift in Sources */ = {isa = PBXBuildFile; fileRef = C4C538631E8B5A1300ECA50C /* UIImageView+DownloadImage.swift */; };
		C4C538661E8B7F4600ECA50C /* DetailViewController.swift in Sources */ = {isa = PBXBuildFile; fileRef = C4C538651E8B7F4600ECA50C /* DetailViewController.swift */; };
		C4C538681E8B929300ECA50C /* DimmingPrestentationController.swift in Sources */ = {isa = PBXBuildFile; fileRef = C4C538671E8B929300ECA50C /* DimmingPrestentationController.swift */; };
		C4C5386A1E8CE95400ECA50C /* GradientView.swift in Sources */ = {isa = PBXBuildFile; fileRef = C4C538691E8CE95400ECA50C /* GradientView.swift */; };
		C4D483FF1E8DF8E300DBFC8B /* FadeOutAnimationController.swift in Sources */ = {isa = PBXBuildFile; fileRef = C4D483FE1E8DF8E300DBFC8B /* FadeOutAnimationController.swift */; };
/* End PBXBuildFile section */

/* Begin PBXFileReference section */
		C40DC85E1E94F013001A856D /* en */ = {isa = PBXFileReference; lastKnownFileType = file.xib; name = en; path = en.lproj/NothingFoundCell.xib; sourceTree = "<group>"; };
		C40DC8601E94F169001A856D /* nl */ = {isa = PBXFileReference; lastKnownFileType = text.plist.strings; name = nl; path = nl.lproj/Main.strings; sourceTree = "<group>"; };
		C40DC8611E94F169001A856D /* nl */ = {isa = PBXFileReference; lastKnownFileType = file.xib; name = nl; path = nl.lproj/NothingFoundCell.xib; sourceTree = "<group>"; };
		C40DC8631E94F5FE001A856D /* Base */ = {isa = PBXFileReference; lastKnownFileType = file.xib; name = Base; path = Base.lproj/LoadingCell.xib; sourceTree = "<group>"; };
		C40DC8661E94F618001A856D /* nl */ = {isa = PBXFileReference; lastKnownFileType = text.plist.strings; name = nl; path = nl.lproj/LoadingCell.strings; sourceTree = "<group>"; };
		C40DC8681E95DF16001A856D /* en */ = {isa = PBXFileReference; lastKnownFileType = text.plist.strings; name = en; path = en.lproj/Localizable.strings; sourceTree = "<group>"; };
		C40DC8701E95ED80001A856D /* Base */ = {isa = PBXFileReference; lastKnownFileType = text.plist.strings; name = Base; path = Base.lproj/InfoPlist.strings; sourceTree = "<group>"; };
		C40DC8721E95ED82001A856D /* nl */ = {isa = PBXFileReference; lastKnownFileType = text.plist.strings; name = nl; path = nl.lproj/InfoPlist.strings; sourceTree = "<group>"; };
		C40DC8731E961516001A856D /* nl */ = {isa = PBXFileReference; lastKnownFileType = text.plist.strings; name = nl; path = nl.lproj/Localizable.strings; sourceTree = "<group>"; };
		C4112FE21E8D01EB00F61BED /* BounceAnimationController.swift */ = {isa = PBXFileReference; fileEncoding = 4; lastKnownFileType = sourcecode.swift; path = BounceAnimationController.swift; sourceTree = "<group>"; };
		C4112FE41E8D13F900F61BED /* SlideOutAnimationController.swift */ = {isa = PBXFileReference; fileEncoding = 4; lastKnownFileType = sourcecode.swift; path = SlideOutAnimationController.swift; sourceTree = "<group>"; };
		C4112FE61E8D1A4A00F61BED /* LandscapeViewController.swift */ = {isa = PBXFileReference; fileEncoding = 4; lastKnownFileType = sourcecode.swift; path = LandscapeViewController.swift; sourceTree = "<group>"; };
		C4116D281E8FB0740043A1F8 /* Search.swift */ = {isa = PBXFileReference; fileEncoding = 4; lastKnownFileType = sourcecode.swift; path = Search.swift; sourceTree = "<group>"; };
		C43755961E863FD0003B5B21 /* StoreSearch.app */ = {isa = PBXFileReference; explicitFileType = wrapper.application; includeInIndex = 0; path = StoreSearch.app; sourceTree = BUILT_PRODUCTS_DIR; };
		C43755991E863FD0003B5B21 /* AppDelegate.swift */ = {isa = PBXFileReference; lastKnownFileType = sourcecode.swift; path = AppDelegate.swift; sourceTree = "<group>"; };
		C437559B1E863FD0003B5B21 /* SearchViewController.swift */ = {isa = PBXFileReference; lastKnownFileType = sourcecode.swift; path = SearchViewController.swift; sourceTree = "<group>"; };
		C437559E1E863FD0003B5B21 /* Base */ = {isa = PBXFileReference; lastKnownFileType = file.storyboard; name = Base; path = Base.lproj/Main.storyboard; sourceTree = "<group>"; };
		C43755A01E863FD0003B5B21 /* Assets.xcassets */ = {isa = PBXFileReference; lastKnownFileType = folder.assetcatalog; path = Assets.xcassets; sourceTree = "<group>"; };
		C43755A51E863FD0003B5B21 /* Info.plist */ = {isa = PBXFileReference; lastKnownFileType = text.plist.xml; path = Info.plist; sourceTree = "<group>"; };
		C43755AB1E865E9D003B5B21 /* SearchResult.swift */ = {isa = PBXFileReference; fileEncoding = 4; lastKnownFileType = sourcecode.swift; path = SearchResult.swift; sourceTree = "<group>"; };
		C47CB54F1E88A16000C82FB1 /* SearchResultCell.xib */ = {isa = PBXFileReference; fileEncoding = 4; lastKnownFileType = file.xib; path = SearchResultCell.xib; sourceTree = "<group>"; };
		C47CB5511E88AC7500C82FB1 /* SearchResultCell.swift */ = {isa = PBXFileReference; fileEncoding = 4; lastKnownFileType = sourcecode.swift; path = SearchResultCell.swift; sourceTree = "<group>"; };
		C4C538631E8B5A1300ECA50C /* UIImageView+DownloadImage.swift */ = {isa = PBXFileReference; fileEncoding = 4; lastKnownFileType = sourcecode.swift; path = "UIImageView+DownloadImage.swift"; sourceTree = "<group>"; };
		C4C538651E8B7F4600ECA50C /* DetailViewController.swift */ = {isa = PBXFileReference; fileEncoding = 4; lastKnownFileType = sourcecode.swift; path = DetailViewController.swift; sourceTree = "<group>"; };
		C4C538671E8B929300ECA50C /* DimmingPrestentationController.swift */ = {isa = PBXFileReference; fileEncoding = 4; lastKnownFileType = sourcecode.swift; path = DimmingPrestentationController.swift; sourceTree = "<group>"; };
		C4C538691E8CE95400ECA50C /* GradientView.swift */ = {isa = PBXFileReference; fileEncoding = 4; lastKnownFileType = sourcecode.swift; path = GradientView.swift; sourceTree = "<group>"; };
		C4D483FE1E8DF8E300DBFC8B /* FadeOutAnimationController.swift */ = {isa = PBXFileReference; fileEncoding = 4; lastKnownFileType = sourcecode.swift; path = FadeOutAnimationController.swift; sourceTree = "<group>"; };
/* End PBXFileReference section */

/* Begin PBXFrameworksBuildPhase section */
		C43755931E863FD0003B5B21 /* Frameworks */ = {
			isa = PBXFrameworksBuildPhase;
			buildActionMask = 2147483647;
			files = (
			);
			runOnlyForDeploymentPostprocessing = 0;
		};
/* End PBXFrameworksBuildPhase section */

/* Begin PBXGroup section */
		C437558D1E863FD0003B5B21 = {
			isa = PBXGroup;
			children = (
				C43755981E863FD0003B5B21 /* StoreSearch */,
				C43755971E863FD0003B5B21 /* Products */,
			);
			sourceTree = "<group>";
		};
		C43755971E863FD0003B5B21 /* Products */ = {
			isa = PBXGroup;
			children = (
				C43755961E863FD0003B5B21 /* StoreSearch.app */,
			);
			name = Products;
			sourceTree = "<group>";
		};
		C43755981E863FD0003B5B21 /* StoreSearch */ = {
			isa = PBXGroup;
			children = (
				C40DC8671E95DF16001A856D /* Localizable.strings */,
				C43755991E863FD0003B5B21 /* AppDelegate.swift */,
				C437559B1E863FD0003B5B21 /* SearchViewController.swift */,
				C437559D1E863FD0003B5B21 /* Main.storyboard */,
				C43755A01E863FD0003B5B21 /* Assets.xcassets */,
				C43755A51E863FD0003B5B21 /* Info.plist */,
				C43755AB1E865E9D003B5B21 /* SearchResult.swift */,
				C47CB54F1E88A16000C82FB1 /* SearchResultCell.xib */,
				C47CB5511E88AC7500C82FB1 /* SearchResultCell.swift */,
				C40DC85F1E94F013001A856D /* NothingFoundCell.xib */,
				C40DC8641E94F5FE001A856D /* LoadingCell.xib */,
				C4C538631E8B5A1300ECA50C /* UIImageView+DownloadImage.swift */,
				C4C538651E8B7F4600ECA50C /* DetailViewController.swift */,
				C4C538671E8B929300ECA50C /* DimmingPrestentationController.swift */,
				C4C538691E8CE95400ECA50C /* GradientView.swift */,
				C4112FE21E8D01EB00F61BED /* BounceAnimationController.swift */,
				C4112FE41E8D13F900F61BED /* SlideOutAnimationController.swift */,
				C4112FE61E8D1A4A00F61BED /* LandscapeViewController.swift */,
				C4D483FE1E8DF8E300DBFC8B /* FadeOutAnimationController.swift */,
				C4116D281E8FB0740043A1F8 /* Search.swift */,
				C40DC8711E95ED80001A856D /* InfoPlist.strings */,
			);
			path = StoreSearch;
			sourceTree = "<group>";
		};
/* End PBXGroup section */

/* Begin PBXNativeTarget section */
		C43755951E863FD0003B5B21 /* StoreSearch */ = {
			isa = PBXNativeTarget;
			buildConfigurationList = C43755A81E863FD0003B5B21 /* Build configuration list for PBXNativeTarget "StoreSearch" */;
			buildPhases = (
				C43755921E863FD0003B5B21 /* Sources */,
				C43755931E863FD0003B5B21 /* Frameworks */,
				C43755941E863FD0003B5B21 /* Resources */,
			);
			buildRules = (
			);
			dependencies = (
			);
			name = StoreSearch;
			productName = StoreSearch;
			productReference = C43755961E863FD0003B5B21 /* StoreSearch.app */;
			productType = "com.apple.product-type.application";
		};
/* End PBXNativeTarget section */

/* Begin PBXProject section */
		C437558E1E863FD0003B5B21 /* Project object */ = {
			isa = PBXProject;
			attributes = {
				LastSwiftUpdateCheck = 0820;
				LastUpgradeCheck = 0820;
				ORGANIZATIONNAME = SrearAlex;
				TargetAttributes = {
					C43755951E863FD0003B5B21 = {
						CreatedOnToolsVersion = 8.2.1;
						ProvisioningStyle = Automatic;
					};
				};
			};
			buildConfigurationList = C43755911E863FD0003B5B21 /* Build configuration list for PBXProject "StoreSearch" */;
			compatibilityVersion = "Xcode 3.2";
			developmentRegion = English;
			hasScannedForEncodings = 0;
			knownRegions = (
				en,
				Base,
				nl,
			);
			mainGroup = C437558D1E863FD0003B5B21;
			productRefGroup = C43755971E863FD0003B5B21 /* Products */;
			projectDirPath = "";
			projectRoot = "";
			targets = (
				C43755951E863FD0003B5B21 /* StoreSearch */,
			);
		};
/* End PBXProject section */

/* Begin PBXResourcesBuildPhase section */
		C43755941E863FD0003B5B21 /* Resources */ = {
			isa = PBXResourcesBuildPhase;
			buildActionMask = 2147483647;
			files = (
				C43755A11E863FD0003B5B21 /* Assets.xcassets in Resources */,
				C40DC86F1E95ED80001A856D /* InfoPlist.strings in Resources */,
				C40DC8691E95DF16001A856D /* Localizable.strings in Resources */,
				C40DC8621E94F5FE001A856D /* LoadingCell.xib in Resources */,
				C47CB5501E88A16000C82FB1 /* SearchResultCell.xib in Resources */,
				C40DC85D1E94F013001A856D /* NothingFoundCell.xib in Resources */,
				C437559F1E863FD0003B5B21 /* Main.storyboard in Resources */,
			);
			runOnlyForDeploymentPostprocessing = 0;
		};
/* End PBXResourcesBuildPhase section */

/* Begin PBXSourcesBuildPhase section */
		C43755921E863FD0003B5B21 /* Sources */ = {
			isa = PBXSourcesBuildPhase;
			buildActionMask = 2147483647;
			files = (
				C4116D291E8FB0740043A1F8 /* Search.swift in Sources */,
				C4C538681E8B929300ECA50C /* DimmingPrestentationController.swift in Sources */,
				C437559C1E863FD0003B5B21 /* SearchViewController.swift in Sources */,
				C4D483FF1E8DF8E300DBFC8B /* FadeOutAnimationController.swift in Sources */,
				C43755AC1E865E9D003B5B21 /* SearchResult.swift in Sources */,
				C47CB5521E88AC7500C82FB1 /* SearchResultCell.swift in Sources */,
				C4112FE31E8D01EB00F61BED /* BounceAnimationController.swift in Sources */,
				C4112FE71E8D1A4A00F61BED /* LandscapeViewController.swift in Sources */,
				C4C538661E8B7F4600ECA50C /* DetailViewController.swift in Sources */,
				C4C538641E8B5A1300ECA50C /* UIImageView+DownloadImage.swift in Sources */,
				C437559A1E863FD0003B5B21 /* AppDelegate.swift in Sources */,
				C4C5386A1E8CE95400ECA50C /* GradientView.swift in Sources */,
				C4112FE51E8D13F900F61BED /* SlideOutAnimationController.swift in Sources */,
			);
			runOnlyForDeploymentPostprocessing = 0;
		};
/* End PBXSourcesBuildPhase section */

/* Begin PBXVariantGroup section */
		C40DC85F1E94F013001A856D /* NothingFoundCell.xib */ = {
			isa = PBXVariantGroup;
			children = (
				C40DC85E1E94F013001A856D /* en */,
				C40DC8611E94F169001A856D /* nl */,
			);
			name = NothingFoundCell.xib;
			sourceTree = "<group>";
		};
		C40DC8641E94F5FE001A856D /* LoadingCell.xib */ = {
			isa = PBXVariantGroup;
			children = (
				C40DC8631E94F5FE001A856D /* Base */,
				C40DC8661E94F618001A856D /* nl */,
			);
			name = LoadingCell.xib;
			sourceTree = "<group>";
		};
		C40DC8671E95DF16001A856D /* Localizable.strings */ = {
			isa = PBXVariantGroup;
			children = (
				C40DC8681E95DF16001A856D /* en */,
				C40DC8731E961516001A856D /* nl */,
			);
			name = Localizable.strings;
			sourceTree = "<group>";
		};
		C40DC8711E95ED80001A856D /* InfoPlist.strings */ = {
			isa = PBXVariantGroup;
			children = (
				C40DC8701E95ED80001A856D /* Base */,
				C40DC8721E95ED82001A856D /* nl */,
			);
			name = InfoPlist.strings;
			sourceTree = "<group>";
		};
		C437559D1E863FD0003B5B21 /* Main.storyboard */ = {
			isa = PBXVariantGroup;
			children = (
				C437559E1E863FD0003B5B21 /* Base */,
				C40DC8601E94F169001A856D /* nl */,
			);
			name = Main.storyboard;
			sourceTree = "<group>";
		};
/* End PBXVariantGroup section */

/* Begin XCBuildConfiguration section */
		C43755A61E863FD0003B5B21 /* Debug */ = {
			isa = XCBuildConfiguration;
			buildSettings = {
				ALWAYS_SEARCH_USER_PATHS = NO;
				CLANG_ANALYZER_LOCALIZABILITY_NONLOCALIZED = YES;
				CLANG_ANALYZER_NONNULL = YES;
				CLANG_CXX_LANGUAGE_STANDARD = "gnu++0x";
				CLANG_CXX_LIBRARY = "libc++";
				CLANG_ENABLE_MODULES = YES;
				CLANG_ENABLE_OBJC_ARC = YES;
				CLANG_WARN_BOOL_CONVERSION = YES;
				CLANG_WARN_CONSTANT_CONVERSION = YES;
				CLANG_WARN_DIRECT_OBJC_ISA_USAGE = YES_ERROR;
				CLANG_WARN_DOCUMENTATION_COMMENTS = YES;
				CLANG_WARN_EMPTY_BODY = YES;
				CLANG_WARN_ENUM_CONVERSION = YES;
				CLANG_WARN_INFINITE_RECURSION = YES;
				CLANG_WARN_INT_CONVERSION = YES;
				CLANG_WARN_OBJC_ROOT_CLASS = YES_ERROR;
				CLANG_WARN_SUSPICIOUS_MOVE = YES;
				CLANG_WARN_UNREACHABLE_CODE = YES;
				CLANG_WARN__DUPLICATE_METHOD_MATCH = YES;
				"CODE_SIGN_IDENTITY[sdk=iphoneos*]" = "iPhone Developer";
				COPY_PHASE_STRIP = NO;
				DEBUG_INFORMATION_FORMAT = dwarf;
				ENABLE_STRICT_OBJC_MSGSEND = YES;
				ENABLE_TESTABILITY = YES;
				GCC_C_LANGUAGE_STANDARD = gnu99;
				GCC_DYNAMIC_NO_PIC = NO;
				GCC_NO_COMMON_BLOCKS = YES;
				GCC_OPTIMIZATION_LEVEL = 0;
				GCC_PREPROCESSOR_DEFINITIONS = (
					"DEBUG=1",
					"$(inherited)",
				);
				GCC_WARN_64_TO_32_BIT_CONVERSION = YES;
				GCC_WARN_ABOUT_RETURN_TYPE = YES_ERROR;
				GCC_WARN_UNDECLARED_SELECTOR = YES;
				GCC_WARN_UNINITIALIZED_AUTOS = YES_AGGRESSIVE;
				GCC_WARN_UNUSED_FUNCTION = YES;
				GCC_WARN_UNUSED_VARIABLE = YES;
				IPHONEOS_DEPLOYMENT_TARGET = 10.2;
				MTL_ENABLE_DEBUG_INFO = YES;
				ONLY_ACTIVE_ARCH = YES;
				SDKROOT = iphoneos;
				SWIFT_ACTIVE_COMPILATION_CONDITIONS = DEBUG;
				SWIFT_OPTIMIZATION_LEVEL = "-Onone";
			};
			name = Debug;
		};
		C43755A71E863FD0003B5B21 /* Release */ = {
			isa = XCBuildConfiguration;
			buildSettings = {
				ALWAYS_SEARCH_USER_PATHS = NO;
				CLANG_ANALYZER_LOCALIZABILITY_NONLOCALIZED = YES;
				CLANG_ANALYZER_NONNULL = YES;
				CLANG_CXX_LANGUAGE_STANDARD = "gnu++0x";
				CLANG_CXX_LIBRARY = "libc++";
				CLANG_ENABLE_MODULES = YES;
				CLANG_ENABLE_OBJC_ARC = YES;
				CLANG_WARN_BOOL_CONVERSION = YES;
				CLANG_WARN_CONSTANT_CONVERSION = YES;
				CLANG_WARN_DIRECT_OBJC_ISA_USAGE = YES_ERROR;
				CLANG_WARN_DOCUMENTATION_COMMENTS = YES;
				CLANG_WARN_EMPTY_BODY = YES;
				CLANG_WARN_ENUM_CONVERSION = YES;
				CLANG_WARN_INFINITE_RECURSION = YES;
				CLANG_WARN_INT_CONVERSION = YES;
				CLANG_WARN_OBJC_ROOT_CLASS = YES_ERROR;
				CLANG_WARN_SUSPICIOUS_MOVE = YES;
				CLANG_WARN_UNREACHABLE_CODE = YES;
				CLANG_WARN__DUPLICATE_METHOD_MATCH = YES;
				"CODE_SIGN_IDENTITY[sdk=iphoneos*]" = "iPhone Developer";
				COPY_PHASE_STRIP = NO;
				DEBUG_INFORMATION_FORMAT = "dwarf-with-dsym";
				ENABLE_NS_ASSERTIONS = NO;
				ENABLE_STRICT_OBJC_MSGSEND = YES;
				GCC_C_LANGUAGE_STANDARD = gnu99;
				GCC_NO_COMMON_BLOCKS = YES;
				GCC_WARN_64_TO_32_BIT_CONVERSION = YES;
				GCC_WARN_ABOUT_RETURN_TYPE = YES_ERROR;
				GCC_WARN_UNDECLARED_SELECTOR = YES;
				GCC_WARN_UNINITIALIZED_AUTOS = YES_AGGRESSIVE;
				GCC_WARN_UNUSED_FUNCTION = YES;
				GCC_WARN_UNUSED_VARIABLE = YES;
				IPHONEOS_DEPLOYMENT_TARGET = 10.2;
				MTL_ENABLE_DEBUG_INFO = NO;
				SDKROOT = iphoneos;
				SWIFT_OPTIMIZATION_LEVEL = "-Owholemodule";
				VALIDATE_PRODUCT = YES;
			};
			name = Release;
		};
		C43755A91E863FD0003B5B21 /* Debug */ = {
			isa = XCBuildConfiguration;
			buildSettings = {
				ASSETCATALOG_COMPILER_APPICON_NAME = AppIcon;
				INFOPLIST_FILE = StoreSearch/Info.plist;
				LD_RUNPATH_SEARCH_PATHS = "$(inherited) @executable_path/Frameworks";
				PRODUCT_BUNDLE_IDENTIFIER = com.bingshenginc.telemed.learn.StoreSearch;
				PRODUCT_NAME = "$(TARGET_NAME)";
				SWIFT_VERSION = 3.0;
			};
			name = Debug;
		};
		C43755AA1E863FD0003B5B21 /* Release */ = {
			isa = XCBuildConfiguration;
			buildSettings = {
				ASSETCATALOG_COMPILER_APPICON_NAME = AppIcon;
				INFOPLIST_FILE = StoreSearch/Info.plist;
				LD_RUNPATH_SEARCH_PATHS = "$(inherited) @executable_path/Frameworks";
				PRODUCT_BUNDLE_IDENTIFIER = com.bingshenginc.telemed.learn.StoreSearch;
				PRODUCT_NAME = "$(TARGET_NAME)";
				SWIFT_VERSION = 3.0;
			};
			name = Release;
		};
/* End XCBuildConfiguration section */

/* Begin XCConfigurationList section */
		C43755911E863FD0003B5B21 /* Build configuration list for PBXProject "StoreSearch" */ = {
			isa = XCConfigurationList;
			buildConfigurations = (
				C43755A61E863FD0003B5B21 /* Debug */,
				C43755A71E863FD0003B5B21 /* Release */,
			);
			defaultConfigurationIsVisible = 0;
			defaultConfigurationName = Release;
		};
		C43755A81E863FD0003B5B21 /* Build configuration list for PBXNativeTarget "StoreSearch" */ = {
			isa = XCConfigurationList;
			buildConfigurations = (
				C43755A91E863FD0003B5B21 /* Debug */,
				C43755AA1E863FD0003B5B21 /* Release */,
			);
			defaultConfigurationIsVisible = 0;
			defaultConfigurationName = Release;
		};
/* End XCConfigurationList section */
	};
	rootObject = C437558E1E863FD0003B5B21 /* Project object */;
}
